
Microsoft Visual Studio Solution File, Format Version 12.00
# Visual Studio 2012
Project("{FAE04EC0-301F-11D3-BF4B-00C04F79EFBC}") = "TicTacToCore.Console", "TicTacToCore.Console\TicTacToCore.Console.csproj", "{7EB7384C-0E3A-426F-AE43-399563C287AE}"
EndProject
Project("{FAE04EC0-301F-11D3-BF4B-00C04F79EFBC}") = "TicTacToCore.Console.Test", "TicTacToCore.Console.Test\TicTacToCore.Console.Test.csproj", "{8C711C40-25C0-46DA-9F0B-D58DB31BEAD9}"
EndProject
Global
	GlobalSection(SolutionConfigurationPlatforms) = preSolution
		Debug|Any CPU = Debug|Any CPU
		Release|Any CPU = Release|Any CPU
	EndGlobalSection
	GlobalSection(ProjectConfigurationPlatforms) = postSolution
		{7EB7384C-0E3A-426F-AE43-399563C287AE}.Debug|Any CPU.ActiveCfg = Debug|Any CPU
		{7EB7384C-0E3A-426F-AE43-399563C287AE}.Debug|Any CPU.Build.0 = Debug|Any CPU
		{7EB7384C-0E3A-426F-AE43-399563C287AE}.Release|Any CPU.ActiveCfg = Release|Any CPU
		{7EB7384C-0E3A-426F-AE43-399563C287AE}.Release|Any CPU.Build.0 = Release|Any CPU
		{8C711C40-25C0-46DA-9F0B-D58DB31BEAD9}.Debug|Any CPU.ActiveCfg = Debug|Any CPU
		{8C711C40-25C0-46DA-9F0B-D58DB31BEAD9}.Debug|Any CPU.Build.0 = Debug|Any CPU
		{8C711C40-25C0-46DA-9F0B-D58DB31BEAD9}.Release|Any CPU.ActiveCfg = Release|Any CPU
		{8C711C40-25C0-46DA-9F0B-D58DB31BEAD9}.Release|Any CPU.Build.0 = Release|Any CPU
	EndGlobalSection
EndGlobal
